
Microsoft Visual Studio Solution File, Format Version 12.00
# Visual Studio 15
VisualStudioVersion = 15.0.26730.16
MinimumVisualStudioVersion = 10.0.40219.1
Project("{2150E333-8FDC-42A3-9474-1A3956D46DE8}") = "Git", "Git", "{97542ADA-C7BB-46E2-842E-B3035577629B}"
	ProjectSection(SolutionItems) = preProject
		.gitattributes = .gitattributes
		.gitignore = .gitignore
		CODE_OF_CONDUCT.md = CODE_OF_CONDUCT.md
		LICENSE = LICENSE
		README.md = README.md
	EndProjectSection
EndProject
Project("{FAE04EC0-301F-11D3-BF4B-00C04F79EFBC}") = "Drachenhorn.Desktop", "Drachenhorn.Desktop\Drachenhorn.Desktop.csproj", "{0A0D0CBA-8A83-435C-8D44-FB890A70EE2F}"
EndProject
Project("{FAE04EC0-301F-11D3-BF4B-00C04F79EFBC}") = "Drachenhorn.UnitTest", "Drachenhorn.UnitTest\Drachenhorn.UnitTest.csproj", "{9DB9E8D5-882A-4F62-A133-A6E191E01EF4}"
EndProject
Project("{9A19103F-16F7-4668-BE54-9A1E7A4F7556}") = "Drachenhorn.Xml", "Drachenhorn.Xml\Drachenhorn.Xml.csproj", "{0B148A79-13FE-45C1-9A50-73FCC0C03613}"
EndProject
Project("{2150E333-8FDC-42A3-9474-1A3956D46DE8}") = "Core", "Core", "{9781D075-7CB1-4A03-8669-55612191A73C}"
EndProject
Project("{2150E333-8FDC-42A3-9474-1A3956D46DE8}") = "Test", "Test", "{A30811E5-D212-4297-9D49-3554FF805BE7}"
EndProject
Project("{9A19103F-16F7-4668-BE54-9A1E7A4F7556}") = "Drachenhorn.Core", "Drachenhorn.Core\Drachenhorn.Core.csproj", "{EC066881-E87C-46C3-8DAB-04A19696DC99}"
EndProject
Project("{2150E333-8FDC-42A3-9474-1A3956D46DE8}") = "img", "img", "{71A056D4-84A9-4E93-A370-A38F54B29CB5}"
	ProjectSection(SolutionItems) = preProject
		img\Banner.jpg = img\Banner.jpg
		img\Cover.jpg = img\Cover.jpg
		img\Cover_tr.png = img\Cover_tr.png
		img\Drachenhorn.ico = img\Drachenhorn.ico
		img\Logo.png = img\Logo.png
	EndProjectSection
EndProject
Project("{2150E333-8FDC-42A3-9474-1A3956D46DE8}") = "ISSUE_TEMPLATE", "ISSUE_TEMPLATE", "{9FAE5CD2-7EEF-4510-AED4-05AB5FBDBE8B}"
	ProjectSection(SolutionItems) = preProject
		.github\ISSUE_TEMPLATE\bug_report.md = .github\ISSUE_TEMPLATE\bug_report.md
		.github\ISSUE_TEMPLATE\feature_request.md = .github\ISSUE_TEMPLATE\feature_request.md
	EndProjectSection
EndProject
Project("{2150E333-8FDC-42A3-9474-1A3956D46DE8}") = "Black", "Black", "{F5FD20BD-575B-4E7B-B87B-A851A8A588A2}"
	ProjectSection(SolutionItems) = preProject
		img\Black\Calculate.png = img\Black\Calculate.png
		img\Black\EditIcon.png = img\Black\EditIcon.png
		img\Black\Export.png = img\Black\Export.png
		img\Black\HTML.png = img\Black\HTML.png
		img\Black\Import.png = img\Black\Import.png
		img\Black\InfoIcon.png = img\Black\InfoIcon.png
		img\Black\MenuIcon.png = img\Black\MenuIcon.png
		img\Black\NewIcon.png = img\Black\NewIcon.png
		img\Black\Pdf.png = img\Black\Pdf.png
		img\Black\PrintIcon.png = img\Black\PrintIcon.png
		img\Black\PropertiesIcon.png = img\Black\PropertiesIcon.png
		img\Black\SaveAllIcon.png = img\Black\SaveAllIcon.png
		img\Black\SaveIcon.png = img\Black\SaveIcon.png
		img\Black\Templates.png = img\Black\Templates.png
		img\Black\UpdateAvailable.png = img\Black\UpdateAvailable.png
	EndProjectSection
EndProject
Project("{2150E333-8FDC-42A3-9474-1A3956D46DE8}") = "White", "White", "{2F7C9A37-6AB7-458F-B425-1BE09996CB46}"
	ProjectSection(SolutionItems) = preProject
		img\White\Calculate.png = img\White\Calculate.png
		img\White\EditIcon.png = img\White\EditIcon.png
		img\White\Export.png = img\White\Export.png
		img\White\HTML.png = img\White\HTML.png
		img\White\Import.png = img\White\Import.png
		img\White\InfoIcon.png = img\White\InfoIcon.png
		img\White\MenuIcon.png = img\White\MenuIcon.png
		img\White\NewIcon.png = img\White\NewIcon.png
		img\White\Pdf.png = img\White\Pdf.png
		img\White\PrintIcon.png = img\White\PrintIcon.png
		img\White\PropertiesIcon.png = img\White\PropertiesIcon.png
		img\White\SaveAllIcon.png = img\White\SaveAllIcon.png
		img\White\SaveIcon.png = img\White\SaveIcon.png
		img\White\Templates.png = img\White\Templates.png
		img\White\UpdateAvailable.png = img\White\UpdateAvailable.png
	EndProjectSection
EndProject
Project("{2150E333-8FDC-42A3-9474-1A3956D46DE8}") = "Common", "Common", "{ED0F1774-BE27-4E88-BCA6-D3FB646E03DF}"
	ProjectSection(SolutionItems) = preProject
		img\White\Common\Add.png = img\White\Common\Add.png
		img\White\Common\ArrowBlockDown.png = img\White\Common\ArrowBlockDown.png
		img\White\Common\Download.png = img\White\Common\Download.png
		img\White\Common\Remove.png = img\White\Common\Remove.png
	EndProjectSection
EndProject
Project("{2150E333-8FDC-42A3-9474-1A3956D46DE8}") = "Loading", "Loading", "{BF3E3F39-B247-41A4-B00C-6F863D5F64FA}"
	ProjectSection(SolutionItems) = preProject
		img\White\Loading\Loading_1.png = img\White\Loading\Loading_1.png
		img\White\Loading\Loading_2.png = img\White\Loading\Loading_2.png
		img\White\Loading\Loading_3.png = img\White\Loading\Loading_3.png
		img\White\Loading\Loading_4.png = img\White\Loading\Loading_4.png
		img\White\Loading\Loading_5.png = img\White\Loading\Loading_5.png
		img\White\Loading\Loading_6.png = img\White\Loading\Loading_6.png
		img\White\Loading\Loading_7.png = img\White\Loading\Loading_7.png
		img\White\Loading\Loading_8.png = img\White\Loading\Loading_8.png
	EndProjectSection
EndProject
Project("{2150E333-8FDC-42A3-9474-1A3956D46DE8}") = "Common", "Common", "{6E219776-0027-41FE-968F-E6A0B77C9EF1}"
	ProjectSection(SolutionItems) = preProject
		img\Black\Common\Add.png = img\Black\Common\Add.png
		img\Black\Common\ArrowBlockDown.png = img\Black\Common\ArrowBlockDown.png
		img\Black\Common\Download.png = img\Black\Common\Download.png
		img\Black\Common\Remove.png = img\Black\Common\Remove.png
	EndProjectSection
EndProject
Project("{2150E333-8FDC-42A3-9474-1A3956D46DE8}") = "Loading", "Loading", "{B16AA29F-2058-416C-BD85-AE34519CD128}"
	ProjectSection(SolutionItems) = preProject
		img\Black\Loading\Loading_1.png = img\Black\Loading\Loading_1.png
		img\Black\Loading\Loading_2.png = img\Black\Loading\Loading_2.png
		img\Black\Loading\Loading_3.png = img\Black\Loading\Loading_3.png
		img\Black\Loading\Loading_4.png = img\Black\Loading\Loading_4.png
		img\Black\Loading\Loading_5.png = img\Black\Loading\Loading_5.png
		img\Black\Loading\Loading_6.png = img\Black\Loading\Loading_6.png
		img\Black\Loading\Loading_7.png = img\Black\Loading\Loading_7.png
		img\Black\Loading\Loading_8.png = img\Black\Loading\Loading_8.png
	EndProjectSection
EndProject
Project("{2150E333-8FDC-42A3-9474-1A3956D46DE8}") = "Painting", "Painting", "{AF14F5BB-51BE-44CA-B6AE-81A4D4EE2498}"
	ProjectSection(SolutionItems) = preProject
		img\Black\Painting\Brush.png = img\Black\Painting\Brush.png
		img\Black\Painting\Clear.png = img\Black\Painting\Clear.png
		img\Black\Painting\Eraser.png = img\Black\Painting\Eraser.png
		img\Black\Painting\Height.png = img\Black\Painting\Height.png
		img\Black\Painting\Link.png = img\Black\Painting\Link.png
		img\Black\Painting\Pencil.png = img\Black\Painting\Pencil.png
		img\Black\Painting\Redo.png = img\Black\Painting\Redo.png
		img\Black\Painting\Select.png = img\Black\Painting\Select.png
		img\Black\Painting\Undo.png = img\Black\Painting\Undo.png
		img\Black\Painting\Width.png = img\Black\Painting\Width.png
	EndProjectSection
EndProject
Project("{2150E333-8FDC-42A3-9474-1A3956D46DE8}") = "Readme", "Readme", "{8D668A0E-9DCF-41CD-A9FC-1DC1FF4C4A5A}"
	ProjectSection(SolutionItems) = preProject
		.github\Readme\Readme.de-DE.md = .github\Readme\Readme.de-DE.md
		README.md = README.md
	EndProjectSection
EndProject
Global
	GlobalSection(SolutionConfigurationPlatforms) = preSolution
		Debug|Any CPU = Debug|Any CPU
		Debug|ARM = Debug|ARM
		Debug|x64 = Debug|x64
		Debug|x86 = Debug|x86
		Release|Any CPU = Release|Any CPU
		Release|ARM = Release|ARM
		Release|x64 = Release|x64
		Release|x86 = Release|x86
	EndGlobalSection
	GlobalSection(ProjectConfigurationPlatforms) = postSolution
		{0A0D0CBA-8A83-435C-8D44-FB890A70EE2F}.Debug|Any CPU.ActiveCfg = Debug|Any CPU
		{0A0D0CBA-8A83-435C-8D44-FB890A70EE2F}.Debug|Any CPU.Build.0 = Debug|Any CPU
		{0A0D0CBA-8A83-435C-8D44-FB890A70EE2F}.Debug|ARM.ActiveCfg = Debug|Any CPU
		{0A0D0CBA-8A83-435C-8D44-FB890A70EE2F}.Debug|ARM.Build.0 = Debug|Any CPU
		{0A0D0CBA-8A83-435C-8D44-FB890A70EE2F}.Debug|x64.ActiveCfg = Debug|Any CPU
		{0A0D0CBA-8A83-435C-8D44-FB890A70EE2F}.Debug|x64.Build.0 = Debug|Any CPU
		{0A0D0CBA-8A83-435C-8D44-FB890A70EE2F}.Debug|x86.ActiveCfg = Debug|Any CPU
		{0A0D0CBA-8A83-435C-8D44-FB890A70EE2F}.Debug|x86.Build.0 = Debug|Any CPU
		{0A0D0CBA-8A83-435C-8D44-FB890A70EE2F}.Release|Any CPU.ActiveCfg = Release|Any CPU
		{0A0D0CBA-8A83-435C-8D44-FB890A70EE2F}.Release|Any CPU.Build.0 = Release|Any CPU
		{0A0D0CBA-8A83-435C-8D44-FB890A70EE2F}.Release|ARM.ActiveCfg = Release|Any CPU
		{0A0D0CBA-8A83-435C-8D44-FB890A70EE2F}.Release|ARM.Build.0 = Release|Any CPU
		{0A0D0CBA-8A83-435C-8D44-FB890A70EE2F}.Release|x64.ActiveCfg = Release|Any CPU
		{0A0D0CBA-8A83-435C-8D44-FB890A70EE2F}.Release|x64.Build.0 = Release|Any CPU
		{0A0D0CBA-8A83-435C-8D44-FB890A70EE2F}.Release|x86.ActiveCfg = Release|Any CPU
		{0A0D0CBA-8A83-435C-8D44-FB890A70EE2F}.Release|x86.Build.0 = Release|Any CPU
		{9DB9E8D5-882A-4F62-A133-A6E191E01EF4}.Debug|Any CPU.ActiveCfg = Debug|Any CPU
		{9DB9E8D5-882A-4F62-A133-A6E191E01EF4}.Debug|Any CPU.Build.0 = Debug|Any CPU
		{9DB9E8D5-882A-4F62-A133-A6E191E01EF4}.Debug|ARM.ActiveCfg = Debug|Any CPU
		{9DB9E8D5-882A-4F62-A133-A6E191E01EF4}.Debug|ARM.Build.0 = Debug|Any CPU
		{9DB9E8D5-882A-4F62-A133-A6E191E01EF4}.Debug|x64.ActiveCfg = Debug|Any CPU
		{9DB9E8D5-882A-4F62-A133-A6E191E01EF4}.Debug|x64.Build.0 = Debug|Any CPU
		{9DB9E8D5-882A-4F62-A133-A6E191E01EF4}.Debug|x86.ActiveCfg = Debug|Any CPU
		{9DB9E8D5-882A-4F62-A133-A6E191E01EF4}.Debug|x86.Build.0 = Debug|Any CPU
		{9DB9E8D5-882A-4F62-A133-A6E191E01EF4}.Release|Any CPU.ActiveCfg = Release|Any CPU
		{9DB9E8D5-882A-4F62-A133-A6E191E01EF4}.Release|Any CPU.Build.0 = Release|Any CPU
		{9DB9E8D5-882A-4F62-A133-A6E191E01EF4}.Release|ARM.ActiveCfg = Release|Any CPU
		{9DB9E8D5-882A-4F62-A133-A6E191E01EF4}.Release|ARM.Build.0 = Release|Any CPU
		{9DB9E8D5-882A-4F62-A133-A6E191E01EF4}.Release|x64.ActiveCfg = Release|Any CPU
		{9DB9E8D5-882A-4F62-A133-A6E191E01EF4}.Release|x64.Build.0 = Release|Any CPU
		{9DB9E8D5-882A-4F62-A133-A6E191E01EF4}.Release|x86.ActiveCfg = Release|Any CPU
		{9DB9E8D5-882A-4F62-A133-A6E191E01EF4}.Release|x86.Build.0 = Release|Any CPU
		{0B148A79-13FE-45C1-9A50-73FCC0C03613}.Debug|Any CPU.ActiveCfg = Debug|Any CPU
		{0B148A79-13FE-45C1-9A50-73FCC0C03613}.Debug|Any CPU.Build.0 = Debug|Any CPU
		{0B148A79-13FE-45C1-9A50-73FCC0C03613}.Debug|ARM.ActiveCfg = Debug|Any CPU
		{0B148A79-13FE-45C1-9A50-73FCC0C03613}.Debug|ARM.Build.0 = Debug|Any CPU
		{0B148A79-13FE-45C1-9A50-73FCC0C03613}.Debug|x64.ActiveCfg = Debug|Any CPU
		{0B148A79-13FE-45C1-9A50-73FCC0C03613}.Debug|x64.Build.0 = Debug|Any CPU
		{0B148A79-13FE-45C1-9A50-73FCC0C03613}.Debug|x86.ActiveCfg = Debug|Any CPU
		{0B148A79-13FE-45C1-9A50-73FCC0C03613}.Debug|x86.Build.0 = Debug|Any CPU
		{0B148A79-13FE-45C1-9A50-73FCC0C03613}.Release|Any CPU.ActiveCfg = Release|Any CPU
		{0B148A79-13FE-45C1-9A50-73FCC0C03613}.Release|Any CPU.Build.0 = Release|Any CPU
		{0B148A79-13FE-45C1-9A50-73FCC0C03613}.Release|ARM.ActiveCfg = Release|Any CPU
		{0B148A79-13FE-45C1-9A50-73FCC0C03613}.Release|ARM.Build.0 = Release|Any CPU
		{0B148A79-13FE-45C1-9A50-73FCC0C03613}.Release|x64.ActiveCfg = Release|Any CPU
		{0B148A79-13FE-45C1-9A50-73FCC0C03613}.Release|x64.Build.0 = Release|Any CPU
		{0B148A79-13FE-45C1-9A50-73FCC0C03613}.Release|x86.ActiveCfg = Release|Any CPU
		{0B148A79-13FE-45C1-9A50-73FCC0C03613}.Release|x86.Build.0 = Release|Any CPU
		{EC066881-E87C-46C3-8DAB-04A19696DC99}.Debug|Any CPU.ActiveCfg = Debug|Any CPU
		{EC066881-E87C-46C3-8DAB-04A19696DC99}.Debug|Any CPU.Build.0 = Debug|Any CPU
		{EC066881-E87C-46C3-8DAB-04A19696DC99}.Debug|ARM.ActiveCfg = Debug|Any CPU
		{EC066881-E87C-46C3-8DAB-04A19696DC99}.Debug|ARM.Build.0 = Debug|Any CPU
		{EC066881-E87C-46C3-8DAB-04A19696DC99}.Debug|x64.ActiveCfg = Debug|Any CPU
		{EC066881-E87C-46C3-8DAB-04A19696DC99}.Debug|x64.Build.0 = Debug|Any CPU
		{EC066881-E87C-46C3-8DAB-04A19696DC99}.Debug|x86.ActiveCfg = Debug|Any CPU
		{EC066881-E87C-46C3-8DAB-04A19696DC99}.Debug|x86.Build.0 = Debug|Any CPU
		{EC066881-E87C-46C3-8DAB-04A19696DC99}.Release|Any CPU.ActiveCfg = Release|Any CPU
		{EC066881-E87C-46C3-8DAB-04A19696DC99}.Release|Any CPU.Build.0 = Release|Any CPU
		{EC066881-E87C-46C3-8DAB-04A19696DC99}.Release|ARM.ActiveCfg = Release|Any CPU
		{EC066881-E87C-46C3-8DAB-04A19696DC99}.Release|ARM.Build.0 = Release|Any CPU
		{EC066881-E87C-46C3-8DAB-04A19696DC99}.Release|x64.ActiveCfg = Release|Any CPU
		{EC066881-E87C-46C3-8DAB-04A19696DC99}.Release|x64.Build.0 = Release|Any CPU
		{EC066881-E87C-46C3-8DAB-04A19696DC99}.Release|x86.ActiveCfg = Release|Any CPU
		{EC066881-E87C-46C3-8DAB-04A19696DC99}.Release|x86.Build.0 = Release|Any CPU
	EndGlobalSection
	GlobalSection(SolutionProperties) = preSolution
		HideSolutionNode = FALSE
	EndGlobalSection
	GlobalSection(NestedProjects) = preSolution
		{9DB9E8D5-882A-4F62-A133-A6E191E01EF4} = {A30811E5-D212-4297-9D49-3554FF805BE7}
		{0B148A79-13FE-45C1-9A50-73FCC0C03613} = {9781D075-7CB1-4A03-8669-55612191A73C}
		{EC066881-E87C-46C3-8DAB-04A19696DC99} = {9781D075-7CB1-4A03-8669-55612191A73C}
		{9FAE5CD2-7EEF-4510-AED4-05AB5FBDBE8B} = {97542ADA-C7BB-46E2-842E-B3035577629B}
		{F5FD20BD-575B-4E7B-B87B-A851A8A588A2} = {71A056D4-84A9-4E93-A370-A38F54B29CB5}
		{2F7C9A37-6AB7-458F-B425-1BE09996CB46} = {71A056D4-84A9-4E93-A370-A38F54B29CB5}
		{ED0F1774-BE27-4E88-BCA6-D3FB646E03DF} = {2F7C9A37-6AB7-458F-B425-1BE09996CB46}
		{BF3E3F39-B247-41A4-B00C-6F863D5F64FA} = {2F7C9A37-6AB7-458F-B425-1BE09996CB46}
		{6E219776-0027-41FE-968F-E6A0B77C9EF1} = {F5FD20BD-575B-4E7B-B87B-A851A8A588A2}
		{B16AA29F-2058-416C-BD85-AE34519CD128} = {F5FD20BD-575B-4E7B-B87B-A851A8A588A2}
		{AF14F5BB-51BE-44CA-B6AE-81A4D4EE2498} = {F5FD20BD-575B-4E7B-B87B-A851A8A588A2}
		{8D668A0E-9DCF-41CD-A9FC-1DC1FF4C4A5A} = {97542ADA-C7BB-46E2-842E-B3035577629B}
	EndGlobalSection
	GlobalSection(ExtensibilityGlobals) = postSolution
		SolutionGuid = {6587F46C-F568-4DC3-A758-EC4033606B82}
	EndGlobalSection
EndGlobal
