
Microsoft Visual Studio Solution File, Format Version 12.00
# Visual Studio 15
VisualStudioVersion = 15.0.26730.16
MinimumVisualStudioVersion = 10.0.40219.1
Project("{2150E333-8FDC-42A3-9474-1A3956D46DE8}") = "Git", "Git", "{97542ADA-C7BB-46E2-842E-B3035577629B}"
	ProjectSection(SolutionItems) = preProject
		.gitattributes = .gitattributes
		.gitignore = .gitignore
		CODE_OF_CONDUCT.md = CODE_OF_CONDUCT.md
		ISSUE_TEMPLATE.md = ISSUE_TEMPLATE.md
		LICENSE = LICENSE
		PULL_REQUEST_TEMPLATE.md = PULL_REQUEST_TEMPLATE.md
		README.md = README.md
	EndProjectSection
EndProject
Project("{FAE04EC0-301F-11D3-BF4B-00C04F79EFBC}") = "DSACharacterSheet.FileReader", "DSACharacterSheet.FileReader\DSACharacterSheet.FileReader.csproj", "{17CA60A7-CC56-431B-B8D8-0358C8BBC697}"
EndProject
Project("{FAE04EC0-301F-11D3-BF4B-00C04F79EFBC}") = "DSACharacterSheet.Desktop", "DSACharacterSheet.Desktop\DSACharacterSheet.Desktop.csproj", "{0A0D0CBA-8A83-435C-8D44-FB890A70EE2F}"
EndProject
Project("{FAE04EC0-301F-11D3-BF4B-00C04F79EFBC}") = "DSACharacterSheet.Core", "DSACharacterSheet.Core\DSACharacterSheet.Core.csproj", "{753820F9-B8E6-423D-B07E-8D363F6FA08E}"
EndProject
Project("{FAE04EC0-301F-11D3-BF4B-00C04F79EFBC}") = "DSACharacterSheet.UnitTest", "DSACharacterSheet.UnitTest\DSACharacterSheet.UnitTest.csproj", "{9DB9E8D5-882A-4F62-A133-A6E191E01EF4}"
EndProject
Project("{54435603-DBB4-11D2-8724-00A0C9A8B90C}") = "DSACharacterSheet.Desktop.Setup", "DSACharacterSheet.Desktop.Setup\DSACharacterSheet.Desktop.Setup.vdproj", "{B8D7D77B-531F-4B2F-91CF-98FDD681C018}"
EndProject
Global
	GlobalSection(SolutionConfigurationPlatforms) = preSolution
		Debug|Any CPU = Debug|Any CPU
		Release|Any CPU = Release|Any CPU
	EndGlobalSection
	GlobalSection(ProjectConfigurationPlatforms) = postSolution
		{17CA60A7-CC56-431B-B8D8-0358C8BBC697}.Debug|Any CPU.ActiveCfg = Debug|Any CPU
		{17CA60A7-CC56-431B-B8D8-0358C8BBC697}.Debug|Any CPU.Build.0 = Debug|Any CPU
		{17CA60A7-CC56-431B-B8D8-0358C8BBC697}.Release|Any CPU.ActiveCfg = Release|Any CPU
		{17CA60A7-CC56-431B-B8D8-0358C8BBC697}.Release|Any CPU.Build.0 = Release|Any CPU
		{0A0D0CBA-8A83-435C-8D44-FB890A70EE2F}.Debug|Any CPU.ActiveCfg = Debug|Any CPU
		{0A0D0CBA-8A83-435C-8D44-FB890A70EE2F}.Debug|Any CPU.Build.0 = Debug|Any CPU
		{0A0D0CBA-8A83-435C-8D44-FB890A70EE2F}.Release|Any CPU.ActiveCfg = Release|Any CPU
		{0A0D0CBA-8A83-435C-8D44-FB890A70EE2F}.Release|Any CPU.Build.0 = Release|Any CPU
		{753820F9-B8E6-423D-B07E-8D363F6FA08E}.Debug|Any CPU.ActiveCfg = Debug|Any CPU
		{753820F9-B8E6-423D-B07E-8D363F6FA08E}.Debug|Any CPU.Build.0 = Debug|Any CPU
		{753820F9-B8E6-423D-B07E-8D363F6FA08E}.Release|Any CPU.ActiveCfg = Release|Any CPU
		{753820F9-B8E6-423D-B07E-8D363F6FA08E}.Release|Any CPU.Build.0 = Release|Any CPU
		{9DB9E8D5-882A-4F62-A133-A6E191E01EF4}.Debug|Any CPU.ActiveCfg = Debug|Any CPU
		{9DB9E8D5-882A-4F62-A133-A6E191E01EF4}.Debug|Any CPU.Build.0 = Debug|Any CPU
		{9DB9E8D5-882A-4F62-A133-A6E191E01EF4}.Release|Any CPU.ActiveCfg = Release|Any CPU
		{9DB9E8D5-882A-4F62-A133-A6E191E01EF4}.Release|Any CPU.Build.0 = Release|Any CPU
		{B8D7D77B-531F-4B2F-91CF-98FDD681C018}.Debug|Any CPU.ActiveCfg = Debug
		{B8D7D77B-531F-4B2F-91CF-98FDD681C018}.Debug|Any CPU.Build.0 = Debug
		{B8D7D77B-531F-4B2F-91CF-98FDD681C018}.Release|Any CPU.ActiveCfg = Release
	EndGlobalSection
	GlobalSection(SolutionProperties) = preSolution
		HideSolutionNode = FALSE
	EndGlobalSection
	GlobalSection(ExtensibilityGlobals) = postSolution
		SolutionGuid = {6587F46C-F568-4DC3-A758-EC4033606B82}
	EndGlobalSection
EndGlobal
